PODS:
  - Gallery (1.0.0)
  - Sugar (3.0.0)

DEPENDENCIES:
  - Gallery (from `../../`)
  - Sugar (from `https://github.com/hyperoslo/Sugar.git`, branch `master`)

EXTERNAL SOURCES:
  Gallery:
    :path: ../../
  Sugar:
    :branch: master
    :git: https://github.com/hyperoslo/Sugar.git

CHECKOUT OPTIONS:
  Sugar:
    :commit: 343a4409f0339f601fdb39c8db000b2481545726
    :git: https://github.com/hyperoslo/Sugar.git

SPEC CHECKSUMS:
  Gallery: ac50f749bb5b0f4409bd5596504617d9bf97e767
  Sugar: 013db92ee417299586c93007ca2d91f09a29dae3

PODFILE CHECKSUM: 24eda377bb1d8e8d0615e044480cdee6f3afdba4

COCOAPODS: 1.4.0.beta.1
